// !$*UTF8*$!
{
	archiveVersion = 1;
	classes = {
	};
	objectVersion = 46;
	objects = {

/* Begin PBXBuildFile section */
		3BF885271C04C41E00D10CE7 /* main.m in Sources */ = {isa = PBXBuildFile; fileRef = 3BF885261C04C41E00D10CE7 /* main.m */; };
		3BF8852A1C04C41E00D10CE7 /* AppDelegate.m in Sources */ = {isa = PBXBuildFile; fileRef = 3BF885291C04C41E00D10CE7 /* AppDelegate.m */; };
		3BF8852D1C04C41E00D10CE7 /* ViewController.m in Sources */ = {isa = PBXBuildFile; fileRef = 3BF8852C1C04C41E00D10CE7 /* ViewController.m */; };
		3BF885301C04C41E00D10CE7 /* Main.storyboard in Resources */ = {isa = PBXBuildFile; fileRef = 3BF8852E1C04C41E00D10CE7 /* Main.storyboard */; };
		3BF885321C04C41E00D10CE7 /* Assets.xcassets in Resources */ = {isa = PBXBuildFile; fileRef = 3BF885311C04C41E00D10CE7 /* Assets.xcassets */; };
		3BF885351C04C41E00D10CE7 /* LaunchScreen.storyboard in Resources */ = {isa = PBXBuildFile; fileRef = 3BF885331C04C41E00D10CE7 /* LaunchScreen.storyboard */; };
		3BF885401C04C41E00D10CE7 /* NoCommandPatternTests.m in Sources */ = {isa = PBXBuildFile; fileRef = 3BF8853F1C04C41E00D10CE7 /* NoCommandPatternTests.m */; };
		3BF8854B1C04C41F00D10CE7 /* NoCommandPatternUITests.m in Sources */ = {isa = PBXBuildFile; fileRef = 3BF8854A1C04C41F00D10CE7 /* NoCommandPatternUITests.m */; };
		3BF885E41C04C51C00D10CE7 /* Receiver.m in Sources */ = {isa = PBXBuildFile; fileRef = 3BF885E31C04C51C00D10CE7 /* Receiver.m */; };
/* End PBXBuildFile section */

/* Begin PBXContainerItemProxy section */
		3BF8853C1C04C41E00D10CE7 /* PBXContainerItemProxy */ = {
			isa = PBXContainerItemProxy;
			containerPortal = 3BF8851A1C04C41E00D10CE7 /* Project object */;
			proxyType = 1;
			remoteGlobalIDString = 3BF885211C04C41E00D10CE7;
			remoteInfo = NoCommandPattern;
		};
		3BF885471C04C41E00D10CE7 /* PBXContainerItemProxy */ = {
			isa = PBXContainerItemProxy;
			containerPortal = 3BF8851A1C04C41E00D10CE7 /* Project object */;
			proxyType = 1;
			remoteGlobalIDString = 3BF885211C04C41E00D10CE7;
			remoteInfo = NoCommandPattern;
		};
/* End PBXContainerItemProxy section */

/* Begin PBXFileReference section */
		3BF885221C04C41E00D10CE7 /* NoCommandPattern.app */ = {isa = PBXFileReference; explicitFileType = wrapper.application; includeInIndex = 0; path = NoCommandPattern.app; sourceTree = BUILT_PRODUCTS_DIR; };
		3BF885261C04C41E00D10CE7 /* main.m */ = {isa = PBXFileReference; lastKnownFileType = sourcecode.c.objc; path = main.m; sourceTree = "<group>"; };
		3BF885281C04C41E00D10CE7 /* AppDelegate.h */ = {isa = PBXFileReference; lastKnownFileType = sourcecode.c.h; path = AppDelegate.h; sourceTree = "<group>"; };
		3BF885291C04C41E00D10CE7 /* AppDelegate.m */ = {isa = PBXFileReference; lastKnownFileType = sourcecode.c.objc; path = AppDelegate.m; sourceTree = "<group>"; };
		3BF8852B1C04C41E00D10CE7 /* ViewController.h */ = {isa = PBXFileReference; lastKnownFileType = sourcecode.c.h; path = ViewController.h; sourceTree = "<group>"; };
		3BF8852C1C04C41E00D10CE7 /* ViewController.m */ = {isa = PBXFileReference; lastKnownFileType = sourcecode.c.objc; path = ViewController.m; sourceTree = "<group>"; };
		3BF8852F1C04C41E00D10CE7 /* Base */ = {isa = PBXFileReference; lastKnownFileType = file.storyboard; name = Base; path = Base.lproj/Main.storyboard; sourceTree = "<group>"; };
		3BF885311C04C41E00D10CE7 /* Assets.xcassets */ = {isa = PBXFileReference; lastKnownFileType = folder.assetcatalog; path = Assets.xcassets; sourceTree = "<group>"; };
		3BF885341C04C41E00D10CE7 /* Base */ = {isa = PBXFileReference; lastKnownFileType = file.storyboard; name = Base; path = Base.lproj/LaunchScreen.storyboard; sourceTree = "<group>"; };
		3BF885361C04C41E00D10CE7 /* Info.plist */ = {isa = PBXFileReference; lastKnownFileType = text.plist.xml; path = Info.plist; sourceTree = "<group>"; };
		3BF8853B1C04C41E00D10CE7 /* NoCommandPatternTests.xctest */ = {isa = PBXFileReference; explicitFileType = wrapper.cfbundle; includeInIndex = 0; path = NoCommandPatternTests.xctest; sourceTree = BUILT_PRODUCTS_DIR; };
		3BF8853F1C04C41E00D10CE7 /* NoCommandPatternTests.m */ = {isa = PBXFileReference; lastKnownFileType = sourcecode.c.objc; path = NoCommandPatternTests.m; sourceTree = "<group>"; };
		3BF885411C04C41E00D10CE7 /* Info.plist */ = {isa = PBXFileReference; lastKnownFileType = text.plist.xml; path = Info.plist; sourceTree = "<group>"; };
		3BF885461C04C41E00D10CE7 /* NoCommandPatternUITests.xctest */ = {isa = PBXFileReference; explicitFileType = wrapper.cfbundle; includeInIndex = 0; path = NoCommandPatternUITests.xctest; sourceTree = BUILT_PRODUCTS_DIR; };
		3BF8854A1C04C41F00D10CE7 /* NoCommandPatternUITests.m */ = {isa = PBXFileReference; lastKnownFileType = sourcecode.c.objc; path = NoCommandPatternUITests.m; sourceTree = "<group>"; };
		3BF8854C1C04C41F00D10CE7 /* Info.plist */ = {isa = PBXFileReference; lastKnownFileType = text.plist.xml; path = Info.plist; sourceTree = "<group>"; };
		3BF885E21C04C51C00D10CE7 /* Receiver.h */ = {isa = PBXFileReference; fileEncoding = 4; lastKnownFileType = sourcecode.c.h; path = Receiver.h; sourceTree = "<group>"; };
		3BF885E31C04C51C00D10CE7 /* Receiver.m */ = {isa = PBXFileReference; fileEncoding = 4; lastKnownFileType = sourcecode.c.objc; path = Receiver.m; sourceTree = "<group>"; };
/* End PBXFileReference section */

/* Begin PBXFrameworksBuildPhase section */
		3BF8851F1C04C41E00D10CE7 /* Frameworks */ = {
			isa = PBXFrameworksBuildPhase;
			buildActionMask = 2147483647;
			files = (
			);
			runOnlyForDeploymentPostprocessing = 0;
		};
		3BF885381C04C41E00D10CE7 /* Frameworks */ = {
			isa = PBXFrameworksBuildPhase;
			buildActionMask = 2147483647;
			files = (
			);
			runOnlyForDeploymentPostprocessing = 0;
		};
		3BF885431C04C41E00D10CE7 /* Frameworks */ = {
			isa = PBXFrameworksBuildPhase;
			buildActionMask = 2147483647;
			files = (
			);
			runOnlyForDeploymentPostprocessing = 0;
		};
/* End PBXFrameworksBuildPhase section */

/* Begin PBXGroup section */
		3BF885191C04C41E00D10CE7 = {
			isa = PBXGroup;
			children = (
				3BF885241C04C41E00D10CE7 /* NoCommandPattern */,
				3BF8853E1C04C41E00D10CE7 /* NoCommandPatternTests */,
				3BF885491C04C41F00D10CE7 /* NoCommandPatternUITests */,
				3BF885231C04C41E00D10CE7 /* Products */,
			);
			sourceTree = "<group>";
		};
		3BF885231C04C41E00D10CE7 /* Products */ = {
			isa = PBXGroup;
			children = (
				3BF885221C04C41E00D10CE7 /* NoCommandPattern.app */,
				3BF8853B1C04C41E00D10CE7 /* NoCommandPatternTests.xctest */,
				3BF885461C04C41E00D10CE7 /* NoCommandPatternUITests.xctest */,
			);
			name = Products;
			sourceTree = "<group>";
		};
		3BF885241C04C41E00D10CE7 /* NoCommandPattern */ = {
			isa = PBXGroup;
			children = (
				3BF885281C04C41E00D10CE7 /* AppDelegate.h */,
				3BF885291C04C41E00D10CE7 /* AppDelegate.m */,
				3BF8852B1C04C41E00D10CE7 /* ViewController.h */,
				3BF8852C1C04C41E00D10CE7 /* ViewController.m */,
				3BF885E21C04C51C00D10CE7 /* Receiver.h */,
				3BF885E31C04C51C00D10CE7 /* Receiver.m */,
				3BF8852E1C04C41E00D10CE7 /* Main.storyboard */,
				3BF885311C04C41E00D10CE7 /* Assets.xcassets */,
				3BF885331C04C41E00D10CE7 /* LaunchScreen.storyboard */,
				3BF885361C04C41E00D10CE7 /* Info.plist */,
				3BF885251C04C41E00D10CE7 /* Supporting Files */,
			);
			path = NoCommandPattern;
			sourceTree = "<group>";
		};
		3BF885251C04C41E00D10CE7 /* Supporting Files */ = {
			isa = PBXGroup;
			children = (
				3BF885261C04C41E00D10CE7 /* main.m */,
			);
			name = "Supporting Files";
			sourceTree = "<group>";
		};
		3BF8853E1C04C41E00D10CE7 /* NoCommandPatternTests */ = {
			isa = PBXGroup;
			children = (
				3BF8853F1C04C41E00D10CE7 /* NoCommandPatternTests.m */,
				3BF885411C04C41E00D10CE7 /* Info.plist */,
			);
			path = NoCommandPatternTests;
			sourceTree = "<group>";
		};
		3BF885491C04C41F00D10CE7 /* NoCommandPatternUITests */ = {
			isa = PBXGroup;
			children = (
				3BF8854A1C04C41F00D10CE7 /* NoCommandPatternUITests.m */,
				3BF8854C1C04C41F00D10CE7 /* Info.plist */,
			);
			path = NoCommandPatternUITests;
			sourceTree = "<group>";
		};
/* End PBXGroup section */

/* Begin PBXNativeTarget section */
		3BF885211C04C41E00D10CE7 /* NoCommandPattern */ = {
			isa = PBXNativeTarget;
			buildConfigurationList = 3BF8854F1C04C41F00D10CE7 /* Build configuration list for PBXNativeTarget "NoCommandPattern" */;
			buildPhases = (
				3BF8851E1C04C41E00D10CE7 /* Sources */,
				3BF8851F1C04C41E00D10CE7 /* Frameworks */,
				3BF885201C04C41E00D10CE7 /* Resources */,
			);
			buildRules = (
			);
			dependencies = (
			);
			name = NoCommandPattern;
			productName = NoCommandPattern;
			productReference = 3BF885221C04C41E00D10CE7 /* NoCommandPattern.app */;
			productType = "com.apple.product-type.application";
		};
		3BF8853A1C04C41E00D10CE7 /* NoCommandPatternTests */ = {
			isa = PBXNativeTarget;
			buildConfigurationList = 3BF885521C04C41F00D10CE7 /* Build configuration list for PBXNativeTarget "NoCommandPatternTests" */;
			buildPhases = (
				3BF885371C04C41E00D10CE7 /* Sources */,
				3BF885381C04C41E00D10CE7 /* Frameworks */,
				3BF885391C04C41E00D10CE7 /* Resources */,
			);
			buildRules = (
			);
			dependencies = (
				3BF8853D1C04C41E00D10CE7 /* PBXTargetDependency */,
			);
			name = NoCommandPatternTests;
			productName = NoCommandPatternTests;
			productReference = 3BF8853B1C04C41E00D10CE7 /* NoCommandPatternTests.xctest */;
			productType = "com.apple.product-type.bundle.unit-test";
		};
		3BF885451C04C41E00D10CE7 /* NoCommandPatternUITests */ = {
			isa = PBXNativeTarget;
			buildConfigurationList = 3BF885551C04C41F00D10CE7 /* Build configuration list for PBXNativeTarget "NoCommandPatternUITests" */;
			buildPhases = (
				3BF885421C04C41E00D10CE7 /* Sources */,
				3BF885431C04C41E00D10CE7 /* Frameworks */,
				3BF885441C04C41E00D10CE7 /* Resources */,
			);
			buildRules = (
			);
			dependencies = (
				3BF885481C04C41E00D10CE7 /* PBXTargetDependency */,
			);
			name = NoCommandPatternUITests;
			productName = NoCommandPatternUITests;
			productReference = 3BF885461C04C41E00D10CE7 /* NoCommandPatternUITests.xctest */;
			productType = "com.apple.product-type.bundle.ui-testing";
		};
/* End PBXNativeTarget section */

/* Begin PBXProject section */
		3BF8851A1C04C41E00D10CE7 /* Project object */ = {
			isa = PBXProject;
			attributes = {
				LastUpgradeCheck = 0710;
				ORGANIZATIONNAME = HEYANG;
				TargetAttributes = {
					3BF885211C04C41E00D10CE7 = {
						CreatedOnToolsVersion = 7.1;
					};
					3BF8853A1C04C41E00D10CE7 = {
						CreatedOnToolsVersion = 7.1;
						TestTargetID = 3BF885211C04C41E00D10CE7;
					};
					3BF885451C04C41E00D10CE7 = {
						CreatedOnToolsVersion = 7.1;
						TestTargetID = 3BF885211C04C41E00D10CE7;
					};
				};
			};
			buildConfigurationList = 3BF8851D1C04C41E00D10CE7 /* Build configuration list for PBXProject "NoCommandPattern" */;
			compatibilityVersion = "Xcode 3.2";
			developmentRegion = English;
			hasScannedForEncodings = 0;
			knownRegions = (
				en,
				Base,
			);
			mainGroup = 3BF885191C04C41E00D10CE7;
			productRefGroup = 3BF885231C04C41E00D10CE7 /* Products */;
			projectDirPath = "";
			projectRoot = "";
			targets = (
				3BF885211C04C41E00D10CE7 /* NoCommandPattern */,
				3BF8853A1C04C41E00D10CE7 /* NoCommandPatternTests */,
				3BF885451C04C41E00D10CE7 /* NoCommandPatternUITests */,
			);
		};
/* End PBXProject section */

/* Begin PBXResourcesBuildPhase section */
		3BF885201C04C41E00D10CE7 /* Resources */ = {
			isa = PBXResourcesBuildPhase;
			buildActionMask = 2147483647;
			files = (
				3BF885351C04C41E00D10CE7 /* LaunchScreen.storyboard in Resources */,
				3BF885321C04C41E00D10CE7 /* Assets.xcassets in Resources */,
				3BF885301C04C41E00D10CE7 /* Main.storyboard in Resources */,
			);
			runOnlyForDeploymentPostprocessing = 0;
		};
		3BF885391C04C41E00D10CE7 /* Resources */ = {
			isa = PBXResourcesBuildPhase;
			buildActionMask = 2147483647;
			files = (
			);
			runOnlyForDeploymentPostprocessing = 0;
		};
		3BF885441C04C41E00D10CE7 /* Resources */ = {
			isa = PBXResourcesBuildPhase;
			buildActionMask = 2147483647;
			files = (
			);
			runOnlyForDeploymentPostprocessing = 0;
		};
/* End PBXResourcesBuildPhase section */

/* Begin PBXSourcesBuildPhase section */
		3BF8851E1C04C41E00D10CE7 /* Sources */ = {
			isa = PBXSourcesBuildPhase;
			buildActionMask = 2147483647;
			files = (
				3BF8852D1C04C41E00D10CE7 /* ViewController.m in Sources */,
				3BF8852A1C04C41E00D10CE7 /* AppDelegate.m in Sources */,
				3BF885E41C04C51C00D10CE7 /* Receiver.m in Sources */,
				3BF885271C04C41E00D10CE7 /* main.m in Sources */,
			);
			runOnlyForDeploymentPostprocessing = 0;
		};
		3BF885371C04C41E00D10CE7 /* Sources */ = {
			isa = PBXSourcesBuildPhase;
			buildActionMask = 2147483647;
			files = (
				3BF885401C04C41E00D10CE7 /* NoCommandPatternTests.m in Sources */,
			);
			runOnlyForDeploymentPostprocessing = 0;
		};
		3BF885421C04C41E00D10CE7 /* Sources */ = {
			isa = PBXSourcesBuildPhase;
			buildActionMask = 2147483647;
			files = (
				3BF8854B1C04C41F00D10CE7 /* NoCommandPatternUITests.m in Sources */,
			);
			runOnlyForDeploymentPostprocessing = 0;
		};
/* End PBXSourcesBuildPhase section */

/* Begin PBXTargetDependency section */
		3BF8853D1C04C41E00D10CE7 /* PBXTargetDependency */ = {
			isa = PBXTargetDependency;
			target = 3BF885211C04C41E00D10CE7 /* NoCommandPattern */;
			targetProxy = 3BF8853C1C04C41E00D10CE7 /* PBXContainerItemProxy */;
		};
		3BF885481C04C41E00D10CE7 /* PBXTargetDependency */ = {
			isa = PBXTargetDependency;
			target = 3BF885211C04C41E00D10CE7 /* NoCommandPattern */;
			targetProxy = 3BF885471C04C41E00D10CE7 /* PBXContainerItemProxy */;
		};
/* End PBXTargetDependency section */

/* Begin PBXVariantGroup section */
		3BF8852E1C04C41E00D10CE7 /* Main.storyboard */ = {
			isa = PBXVariantGroup;
			children = (
				3BF8852F1C04C41E00D10CE7 /* Base */,
			);
			name = Main.storyboard;
			sourceTree = "<group>";
		};
		3BF885331C04C41E00D10CE7 /* LaunchScreen.storyboard */ = {
			isa = PBXVariantGroup;
			children = (
				3BF885341C04C41E00D10CE7 /* Base */,
			);
			name = LaunchScreen.storyboard;
			sourceTree = "<group>";
		};
/* End PBXVariantGroup section */

/* Begin XCBuildConfiguration section */
		3BF8854D1C04C41F00D10CE7 /* Debug */ = {
			isa = XCBuildConfiguration;
			buildSettings = {
				ALWAYS_SEARCH_USER_PATHS = NO;
				CLANG_CXX_LANGUAGE_STANDARD = "gnu++0x";
				CLANG_CXX_LIBRARY = "libc++";
				CLANG_ENABLE_MODULES = YES;
				CLANG_ENABLE_OBJC_ARC = YES;
				CLANG_WARN_BOOL_CONVERSION = YES;
				CLANG_WARN_CONSTANT_CONVERSION = YES;
				CLANG_WARN_DIRECT_OBJC_ISA_USAGE = YES_ERROR;
				CLANG_WARN_EMPTY_BODY = YES;
				CLANG_WARN_ENUM_CONVERSION = YES;
				CLANG_WARN_INT_CONVERSION = YES;
				CLANG_WARN_OBJC_ROOT_CLASS = YES_ERROR;
				CLANG_WARN_UNREACHABLE_CODE = YES;
				CLANG_WARN__DUPLICATE_METHOD_MATCH = YES;
				"CODE_SIGN_IDENTITY[sdk=iphoneos*]" = "iPhone Developer";
				COPY_PHASE_STRIP = NO;
				DEBUG_INFORMATION_FORMAT = dwarf;
				ENABLE_STRICT_OBJC_MSGSEND = YES;
				ENABLE_TESTABILITY = YES;
				GCC_C_LANGUAGE_STANDARD = gnu99;
				GCC_DYNAMIC_NO_PIC = NO;
				GCC_NO_COMMON_BLOCKS = YES;
				GCC_OPTIMIZATION_LEVEL = 0;
				GCC_PREPROCESSOR_DEFINITIONS = (
					"DEBUG=1",
					"$(inherited)",
				);
				GCC_WARN_64_TO_32_BIT_CONVERSION = YES;
				GCC_WARN_ABOUT_RETURN_TYPE = YES_ERROR;
				GCC_WARN_UNDECLARED_SELECTOR = YES;
				GCC_WARN_UNINITIALIZED_AUTOS = YES_AGGRESSIVE;
				GCC_WARN_UNUSED_FUNCTION = YES;
				GCC_WARN_UNUSED_VARIABLE = YES;
				IPHONEOS_DEPLOYMENT_TARGET = 9.1;
				MTL_ENABLE_DEBUG_INFO = YES;
				ONLY_ACTIVE_ARCH = YES;
				SDKROOT = iphoneos;
			};
			name = Debug;
		};
		3BF8854E1C04C41F00D10CE7 /* Release */ = {
			isa = XCBuildConfiguration;
			buildSettings = {
				ALWAYS_SEARCH_USER_PATHS = NO;
				CLANG_CXX_LANGUAGE_STANDARD = "gnu++0x";
				CLANG_CXX_LIBRARY = "libc++";
				CLANG_ENABLE_MODULES = YES;
				CLANG_ENABLE_OBJC_ARC = YES;
				CLANG_WARN_BOOL_CONVERSION = YES;
				CLANG_WARN_CONSTANT_CONVERSION = YES;
				CLANG_WARN_DIRECT_OBJC_ISA_USAGE = YES_ERROR;
				CLANG_WARN_EMPTY_BODY = YES;
				CLANG_WARN_ENUM_CONVERSION = YES;
				CLANG_WARN_INT_CONVERSION = YES;
				CLANG_WARN_OBJC_ROOT_CLASS = YES_ERROR;
				CLANG_WARN_UNREACHABLE_CODE = YES;
				CLANG_WARN__DUPLICATE_METHOD_MATCH = YES;
				"CODE_SIGN_IDENTITY[sdk=iphoneos*]" = "iPhone Developer";
				COPY_PHASE_STRIP = NO;
				DEBUG_INFORMATION_FORMAT = "dwarf-with-dsym";
				ENABLE_NS_ASSERTIONS = NO;
				ENABLE_STRICT_OBJC_MSGSEND = YES;
				GCC_C_LANGUAGE_STANDARD = gnu99;
				GCC_NO_COMMON_BLOCKS = YES;
				GCC_WARN_64_TO_32_BIT_CONVERSION = YES;
				GCC_WARN_ABOUT_RETURN_TYPE = YES_ERROR;
				GCC_WARN_UNDECLARED_SELECTOR = YES;
				GCC_WARN_UNINITIALIZED_AUTOS = YES_AGGRESSIVE;
				GCC_WARN_UNUSED_FUNCTION = YES;
				GCC_WARN_UNUSED_VARIABLE = YES;
				IPHONEOS_DEPLOYMENT_TARGET = 9.1;
				MTL_ENABLE_DEBUG_INFO = NO;
				SDKROOT = iphoneos;
				VALIDATE_PRODUCT = YES;
			};
			name = Release;
		};
		3BF885501C04C41F00D10CE7 /* Debug */ = {
			isa = XCBuildConfiguration;
			buildSettings = {
				ASSETCATALOG_COMPILER_APPICON_NAME = AppIcon;
				INFOPLIST_FILE = NoCommandPattern/Info.plist;
				LD_RUNPATH_SEARCH_PATHS = "$(inherited) @executable_path/Frameworks";
				PRODUCT_BUNDLE_IDENTIFIER = com.goodboy.NoCommandPattern;
				PRODUCT_NAME = "$(TARGET_NAME)";
			};
			name = Debug;
		};
		3BF885511C04C41F00D10CE7 /* Release */ = {
			isa = XCBuildConfiguration;
			buildSettings = {
				ASSETCATALOG_COMPILER_APPICON_NAME = AppIcon;
				INFOPLIST_FILE = NoCommandPattern/Info.plist;
				LD_RUNPATH_SEARCH_PATHS = "$(inherited) @executable_path/Frameworks";
				PRODUCT_BUNDLE_IDENTIFIER = com.goodboy.NoCommandPattern;
				PRODUCT_NAME = "$(TARGET_NAME)";
			};
			name = Release;
		};
		3BF885531C04C41F00D10CE7 /* Debug */ = {
			isa = XCBuildConfiguration;
			buildSettings = {
				BUNDLE_LOADER = "$(TEST_HOST)";
				INFOPLIST_FILE = NoCommandPatternTests/Info.plist;
				LD_RUNPATH_SEARCH_PATHS = "$(inherited) @executable_path/Frameworks @loader_path/Frameworks";
				PRODUCT_BUNDLE_IDENTIFIER = com.goodboy.NoCommandPatternTests;
				PRODUCT_NAME = "$(TARGET_NAME)";
				TEST_HOST = "$(BUILT_PRODUCTS_DIR)/NoCommandPattern.app/NoCommandPattern";
			};
			name = Debug;
		};
		3BF885541C04C41F00D10CE7 /* Release */ = {
			isa = XCBuildConfiguration;
			buildSettings = {
				BUNDLE_LOADER = "$(TEST_HOST)";
				INFOPLIST_FILE = NoCommandPatternTests/Info.plist;
				LD_RUNPATH_SEARCH_PATHS = "$(inherited) @executable_path/Frameworks @loader_path/Frameworks";
				PRODUCT_BUNDLE_IDENTIFIER = com.goodboy.NoCommandPatternTests;
				PRODUCT_NAME = "$(TARGET_NAME)";
				TEST_HOST = "$(BUILT_PRODUCTS_DIR)/NoCommandPattern.app/NoCommandPattern";
			};
			name = Release;
		};
		3BF885561C04C41F00D10CE7 /* Debug */ = {
			isa = XCBuildConfiguration;
			buildSettings = {
				INFOPLIST_FILE = NoCommandPatternUITests/Info.plist;
				LD_RUNPATH_SEARCH_PATHS = "$(inherited) @executable_path/Frameworks @loader_path/Frameworks";
				PRODUCT_BUNDLE_IDENTIFIER = com.goodboy.NoCommandPatternUITests;
				PRODUCT_NAME = "$(TARGET_NAME)";
				TEST_TARGET_NAME = NoCommandPattern;
				USES_XCTRUNNER = YES;
			};
			name = Debug;
		};
		3BF885571C04C41F00D10CE7 /* Release */ = {
			isa = XCBuildConfiguration;
			buildSettings = {
				INFOPLIST_FILE = NoCommandPatternUITests/Info.plist;
				LD_RUNPATH_SEARCH_PATHS = "$(inherited) @executable_path/Frameworks @loader_path/Frameworks";
				PRODUCT_BUNDLE_IDENTIFIER = com.goodboy.NoCommandPatternUITests;
				PRODUCT_NAME = "$(TARGET_NAME)";
				TEST_TARGET_NAME = NoCommandPattern;
				USES_XCTRUNNER = YES;
			};
			name = Release;
		};
/* End XCBuildConfiguration section */

/* Begin XCConfigurationList section */
		3BF8851D1C04C41E00D10CE7 /* Build configuration list for PBXProject "NoCommandPattern" */ = {
			isa = XCConfigurationList;
			buildConfigurations = (
				3BF8854D1C04C41F00D10CE7 /* Debug */,
				3BF8854E1C04C41F00D10CE7 /* Release */,
			);
			defaultConfigurationIsVisible = 0;
			defaultConfigurationName = Release;
		};
		3BF8854F1C04C41F00D10CE7 /* Build configuration list for PBXNativeTarget "NoCommandPattern" */ = {
			isa = XCConfigurationList;
			buildConfigurations = (
				3BF885501C04C41F00D10CE7 /* Debug */,
				3BF885511C04C41F00D10CE7 /* Release */,
			);
			defaultConfigurationIsVisible = 0;
		};
		3BF885521C04C41F00D10CE7 /* Build configuration list for PBXNativeTarget "NoCommandPatternTests" */ = {
			isa = XCConfigurationList;
			buildConfigurations = (
				3BF885531C04C41F00D10CE7 /* Debug */,
				3BF885541C04C41F00D10CE7 /* Release */,
			);
			defaultConfigurationIsVisible = 0;
		};
		3BF885551C04C41F00D10CE7 /* Build configuration list for PBXNativeTarget "NoCommandPatternUITests" */ = {
			isa = XCConfigurationList;
			buildConfigurations = (
				3BF885561C04C41F00D10CE7 /* Debug */,
				3BF885571C04C41F00D10CE7 /* Release */,
			);
			defaultConfigurationIsVisible = 0;
		};
/* End XCConfigurationList section */
	};
	rootObject = 3BF8851A1C04C41E00D10CE7 /* Project object */;
}
